
Microsoft Visual Studio Solution File, Format Version 12.00
# Visual Studio Version 17
VisualStudioVersion = 17.10.35027.167
MinimumVisualStudioVersion = 10.0.40219.1
Project("{FAE04EC0-301F-11D3-BF4B-00C04F79EFBC}") = "barlangok", "barlangok.csproj", "{94EA2C7A-0C8D-49A8-9111-2BE1DA026C7A}"
EndProject
Global
	GlobalSection(SolutionConfigurationPlatforms) = preSolution
		Debug|Any CPU = Debug|Any CPU
		Release|Any CPU = Release|Any CPU
	EndGlobalSection
	GlobalSection(ProjectConfigurationPlatforms) = postSolution
		{94EA2C7A-0C8D-49A8-9111-2BE1DA026C7A}.Debug|Any CPU.ActiveCfg = Debug|Any CPU
		{94EA2C7A-0C8D-49A8-9111-2BE1DA026C7A}.Debug|Any CPU.Build.0 = Debug|Any CPU
		{94EA2C7A-0C8D-49A8-9111-2BE1DA026C7A}.Release|Any CPU.ActiveCfg = Release|Any CPU
		{94EA2C7A-0C8D-49A8-9111-2BE1DA026C7A}.Release|Any CPU.Build.0 = Release|Any CPU
	EndGlobalSection
	GlobalSection(SolutionProperties) = preSolution
		HideSolutionNode = FALSE
	EndGlobalSection
	GlobalSection(ExtensibilityGlobals) = postSolution
		SolutionGuid = {390848DA-D41B-4ED3-A082-856012F281F7}
	EndGlobalSection
EndGlobal
