
Microsoft Visual Studio Solution File, Format Version 12.00
# Visual Studio Version 17
VisualStudioVersion = 17.6.33829.357
MinimumVisualStudioVersion = 10.0.40219.1
Project("{FAE04EC0-301F-11D3-BF4B-00C04F79EFBC}") = "molnarkaroly_ut2", "molnarkaroly_ut2.csproj", "{0A137A55-F065-45AE-A6D2-319DA6F22BF5}"
EndProject
Global
	GlobalSection(SolutionConfigurationPlatforms) = preSolution
		Debug|Any CPU = Debug|Any CPU
		Release|Any CPU = Release|Any CPU
	EndGlobalSection
	GlobalSection(ProjectConfigurationPlatforms) = postSolution
		{0A137A55-F065-45AE-A6D2-319DA6F22BF5}.Debug|Any CPU.ActiveCfg = Debug|Any CPU
		{0A137A55-F065-45AE-A6D2-319DA6F22BF5}.Debug|Any CPU.Build.0 = Debug|Any CPU
		{0A137A55-F065-45AE-A6D2-319DA6F22BF5}.Release|Any CPU.ActiveCfg = Release|Any CPU
		{0A137A55-F065-45AE-A6D2-319DA6F22BF5}.Release|Any CPU.Build.0 = Release|Any CPU
	EndGlobalSection
	GlobalSection(SolutionProperties) = preSolution
		HideSolutionNode = FALSE
	EndGlobalSection
	GlobalSection(ExtensibilityGlobals) = postSolution
		SolutionGuid = {997242E2-DEA2-49C4-B296-F5A4B72E65B6}
	EndGlobalSection
EndGlobal
